
Microsoft Visual Studio Solution File, Format Version 12.00
# Visual Studio Version 17
VisualStudioVersion = 17.0.31903.59
MinimumVisualStudioVersion = 10.0.40219.1
Project("{2150E333-8FDC-42A3-9474-1A3956D46DE8}") = "src", "src", "{827E0CD3-B72D-47B6-A68D-7590B98EB39B}"
EndProject
Project("{2150E333-8FDC-42A3-9474-1A3956D46DE8}") = "BuildingBlocks", "BuildingBlocks", "{90298CBA-BD6F-3A0A-69D5-97CAD7B05E7E}"
EndProject
Project("{FAE04EC0-301F-11D3-BF4B-00C04F79EFBC}") = "FaraTaraz.BuildingBlocks", "src\BuildingBlocks\FaraTaraz.BuildingBlocks.csproj", "{CD8DC8B5-043F-4799-B704-26CF0DF4ED0B}"
EndProject
Project("{2150E333-8FDC-42A3-9474-1A3956D46DE8}") = "Adapters", "Adapters", "{3E9C3776-17C9-28DE-3735-A8B9F121C183}"
EndProject
Project("{2150E333-8FDC-42A3-9474-1A3956D46DE8}") = "Accounting.Mock", "Accounting.Mock", "{19FA6243-3475-9F81-4DBC-2DEB3C86DF2F}"
EndProject
Project("{FAE04EC0-301F-11D3-BF4B-00C04F79EFBC}") = "FaraTaraz.Adapters.Accounting.Mock", "src\Adapters\Accounting.Mock\FaraTaraz.Adapters.Accounting.Mock.csproj", "{8762C4AC-9A5B-401A-B539-CCA90AAC1DFB}"
EndProject
Project("{2150E333-8FDC-42A3-9474-1A3956D46DE8}") = "tests", "tests", "{0AB3BF05-4346-4AA6-1389-037BE0695223}"
EndProject
Project("{FAE04EC0-301F-11D3-BF4B-00C04F79EFBC}") = "FaraTaraz.BuildingBlocks.Tests", "tests\FaraTaraz.BuildingBlocks.Tests\FaraTaraz.BuildingBlocks.Tests.csproj", "{C8303080-08A7-406A-8744-FBE7C1175AD1}"
EndProject
Project("{FAE04EC0-301F-11D3-BF4B-00C04F79EFBC}") = "FaraTaraz.ArchitectureTests", "tests\FaraTaraz.ArchitectureTests\FaraTaraz.ArchitectureTests.csproj", "{A5D5F75B-6C4D-46DF-B437-DD3EC1FCFEE4}"
EndProject
Project("{FAE04EC0-301F-11D3-BF4B-00C04F79EFBC}") = "FaraTaraz.SyncContracts.Tests", "tests\FaraTaraz.SyncContracts.Tests\FaraTaraz.SyncContracts.Tests.csproj", "{3C8BB8A0-5B69-49AD-BF5E-C2B2CE8A9F40}"
EndProject
Project("{2150E333-8FDC-42A3-9474-1A3956D46DE8}") = "Modules", "Modules", "{EC447DCF-ABFA-6E24-52A5-D7FD48A5C558}"
EndProject
Project("{2150E333-8FDC-42A3-9474-1A3956D46DE8}") = "MasterData", "MasterData", "{6FDB54B8-73D0-7269-6E77-B8ECD406ADFA}"
EndProject
Project("{FAE04EC0-301F-11D3-BF4B-00C04F79EFBC}") = "FaraTaraz.Modules.MasterData", "src\Modules\MasterData\FaraTaraz.Modules.MasterData.csproj", "{17D1847F-8CA3-4D2D-A65F-4E26061AB8C0}"
EndProject
Project("{2150E333-8FDC-42A3-9474-1A3956D46DE8}") = "AccountingSources", "AccountingSources", "{824BD787-6347-621E-0385-BF321C9D0B65}"
EndProject
Project("{FAE04EC0-301F-11D3-BF4B-00C04F79EFBC}") = "FaraTaraz.Modules.AccountingSources", "src\Modules\AccountingSources\FaraTaraz.Modules.AccountingSources.csproj", "{97D37129-D1C3-4290-95E1-B3C26FEEBF6B}"
EndProject
Project("{2150E333-8FDC-42A3-9474-1A3956D46DE8}") = "Ingestion", "Ingestion", "{AD089A1E-BDEB-F09F-ED14-4341B5B9A8AC}"
EndProject
Project("{2150E333-8FDC-42A3-9474-1A3956D46DE8}") = "Ingestion.Domain", "Ingestion.Domain", "{D96C1DA4-15DF-6C1A-B26E-F89CFA7249A4}"
EndProject
Project("{FAE04EC0-301F-11D3-BF4B-00C04F79EFBC}") = "FaraTaraz.Modules.Ingestion.Domain", "src\Modules\Ingestion\Ingestion.Domain\FaraTaraz.Modules.Ingestion.Domain.csproj", "{087F8A7E-1C6D-4D48-A801-48EEE332533F}"
EndProject
Project("{2150E333-8FDC-42A3-9474-1A3956D46DE8}") = "Ingestion.Application", "Ingestion.Application", "{92D79967-F4DA-5DDF-AC29-F3E6F623FB5E}"
EndProject
Project("{FAE04EC0-301F-11D3-BF4B-00C04F79EFBC}") = "FaraTaraz.Modules.Ingestion.Application", "src\Modules\Ingestion\Ingestion.Application\FaraTaraz.Modules.Ingestion.Application.csproj", "{A7769B0E-5173-4404-A8F8-1375577DCCCA}"
EndProject
Project("{2150E333-8FDC-42A3-9474-1A3956D46DE8}") = "Host", "Host", "{981C2CF6-E5BB-602A-511C-234B538302B0}"
EndProject
Project("{FAE04EC0-301F-11D3-BF4B-00C04F79EFBC}") = "FaraTaraz.Host", "src\Host\FaraTaraz.Host\FaraTaraz.Host.csproj", "{C72B277F-1584-406D-85EE-9E4D6D114DE9}"
EndProject
Global
	GlobalSection(SolutionConfigurationPlatforms) = preSolution
		Debug|Any CPU = Debug|Any CPU
		Debug|x64 = Debug|x64
		Debug|x86 = Debug|x86
		Release|Any CPU = Release|Any CPU
		Release|x64 = Release|x64
		Release|x86 = Release|x86
	EndGlobalSection
	GlobalSection(ProjectConfigurationPlatforms) = postSolution
		{CD8DC8B5-043F-4799-B704-26CF0DF4ED0B}.Debug|Any CPU.ActiveCfg = Debug|Any CPU
		{CD8DC8B5-043F-4799-B704-26CF0DF4ED0B}.Debug|Any CPU.Build.0 = Debug|Any CPU
		{CD8DC8B5-043F-4799-B704-26CF0DF4ED0B}.Debug|x64.ActiveCfg = Debug|Any CPU
		{CD8DC8B5-043F-4799-B704-26CF0DF4ED0B}.Debug|x64.Build.0 = Debug|Any CPU
		{CD8DC8B5-043F-4799-B704-26CF0DF4ED0B}.Debug|x86.ActiveCfg = Debug|Any CPU
		{CD8DC8B5-043F-4799-B704-26CF0DF4ED0B}.Debug|x86.Build.0 = Debug|Any CPU
		{CD8DC8B5-043F-4799-B704-26CF0DF4ED0B}.Release|Any CPU.ActiveCfg = Release|Any CPU
		{CD8DC8B5-043F-4799-B704-26CF0DF4ED0B}.Release|Any CPU.Build.0 = Release|Any CPU
		{CD8DC8B5-043F-4799-B704-26CF0DF4ED0B}.Release|x64.ActiveCfg = Release|Any CPU
		{CD8DC8B5-043F-4799-B704-26CF0DF4ED0B}.Release|x64.Build.0 = Release|Any CPU
		{CD8DC8B5-043F-4799-B704-26CF0DF4ED0B}.Release|x86.ActiveCfg = Release|Any CPU
		{CD8DC8B5-043F-4799-B704-26CF0DF4ED0B}.Release|x86.Build.0 = Release|Any CPU
		{8762C4AC-9A5B-401A-B539-CCA90AAC1DFB}.Debug|Any CPU.ActiveCfg = Debug|Any CPU
		{8762C4AC-9A5B-401A-B539-CCA90AAC1DFB}.Debug|Any CPU.Build.0 = Debug|Any CPU
		{8762C4AC-9A5B-401A-B539-CCA90AAC1DFB}.Debug|x64.ActiveCfg = Debug|Any CPU
		{8762C4AC-9A5B-401A-B539-CCA90AAC1DFB}.Debug|x64.Build.0 = Debug|Any CPU
		{8762C4AC-9A5B-401A-B539-CCA90AAC1DFB}.Debug|x86.ActiveCfg = Debug|Any CPU
		{8762C4AC-9A5B-401A-B539-CCA90AAC1DFB}.Debug|x86.Build.0 = Debug|Any CPU
		{8762C4AC-9A5B-401A-B539-CCA90AAC1DFB}.Release|Any CPU.ActiveCfg = Release|Any CPU
		{8762C4AC-9A5B-401A-B539-CCA90AAC1DFB}.Release|Any CPU.Build.0 = Release|Any CPU
		{8762C4AC-9A5B-401A-B539-CCA90AAC1DFB}.Release|x64.ActiveCfg = Release|Any CPU
		{8762C4AC-9A5B-401A-B539-CCA90AAC1DFB}.Release|x64.Build.0 = Release|Any CPU
		{8762C4AC-9A5B-401A-B539-CCA90AAC1DFB}.Release|x86.ActiveCfg = Release|Any CPU
		{8762C4AC-9A5B-401A-B539-CCA90AAC1DFB}.Release|x86.Build.0 = Release|Any CPU
		{C8303080-08A7-406A-8744-FBE7C1175AD1}.Debug|Any CPU.ActiveCfg = Debug|Any CPU
		{C8303080-08A7-406A-8744-FBE7C1175AD1}.Debug|Any CPU.Build.0 = Debug|Any CPU
		{C8303080-08A7-406A-8744-FBE7C1175AD1}.Debug|x64.ActiveCfg = Debug|Any CPU
		{C8303080-08A7-406A-8744-FBE7C1175AD1}.Debug|x64.Build.0 = Debug|Any CPU
		{C8303080-08A7-406A-8744-FBE7C1175AD1}.Debug|x86.ActiveCfg = Debug|Any CPU
		{C8303080-08A7-406A-8744-FBE7C1175AD1}.Debug|x86.Build.0 = Debug|Any CPU
		{C8303080-08A7-406A-8744-FBE7C1175AD1}.Release|Any CPU.ActiveCfg = Release|Any CPU
		{C8303080-08A7-406A-8744-FBE7C1175AD1}.Release|Any CPU.Build.0 = Release|Any CPU
		{C8303080-08A7-406A-8744-FBE7C1175AD1}.Release|x64.ActiveCfg = Release|Any CPU
		{C8303080-08A7-406A-8744-FBE7C1175AD1}.Release|x64.Build.0 = Release|Any CPU
		{C8303080-08A7-406A-8744-FBE7C1175AD1}.Release|x86.ActiveCfg = Release|Any CPU
		{C8303080-08A7-406A-8744-FBE7C1175AD1}.Release|x86.Build.0 = Release|Any CPU
		{A5D5F75B-6C4D-46DF-B437-DD3EC1FCFEE4}.Debug|Any CPU.ActiveCfg = Debug|Any CPU
		{A5D5F75B-6C4D-46DF-B437-DD3EC1FCFEE4}.Debug|Any CPU.Build.0 = Debug|Any CPU
		{A5D5F75B-6C4D-46DF-B437-DD3EC1FCFEE4}.Debug|x64.ActiveCfg = Debug|Any CPU
		{A5D5F75B-6C4D-46DF-B437-DD3EC1FCFEE4}.Debug|x64.Build.0 = Debug|Any CPU
		{A5D5F75B-6C4D-46DF-B437-DD3EC1FCFEE4}.Debug|x86.ActiveCfg = Debug|Any CPU
		{A5D5F75B-6C4D-46DF-B437-DD3EC1FCFEE4}.Debug|x86.Build.0 = Debug|Any CPU
		{A5D5F75B-6C4D-46DF-B437-DD3EC1FCFEE4}.Release|Any CPU.ActiveCfg = Release|Any CPU
		{A5D5F75B-6C4D-46DF-B437-DD3EC1FCFEE4}.Release|Any CPU.Build.0 = Release|Any CPU
		{A5D5F75B-6C4D-46DF-B437-DD3EC1FCFEE4}.Release|x64.ActiveCfg = Release|Any CPU
		{A5D5F75B-6C4D-46DF-B437-DD3EC1FCFEE4}.Release|x64.Build.0 = Release|Any CPU
		{A5D5F75B-6C4D-46DF-B437-DD3EC1FCFEE4}.Release|x86.ActiveCfg = Release|Any CPU
		{A5D5F75B-6C4D-46DF-B437-DD3EC1FCFEE4}.Release|x86.Build.0 = Release|Any CPU
		{3C8BB8A0-5B69-49AD-BF5E-C2B2CE8A9F40}.Debug|Any CPU.ActiveCfg = Debug|Any CPU
		{3C8BB8A0-5B69-49AD-BF5E-C2B2CE8A9F40}.Debug|Any CPU.Build.0 = Debug|Any CPU
		{3C8BB8A0-5B69-49AD-BF5E-C2B2CE8A9F40}.Debug|x64.ActiveCfg = Debug|Any CPU
		{3C8BB8A0-5B69-49AD-BF5E-C2B2CE8A9F40}.Debug|x64.Build.0 = Debug|Any CPU
		{3C8BB8A0-5B69-49AD-BF5E-C2B2CE8A9F40}.Debug|x86.ActiveCfg = Debug|Any CPU
		{3C8BB8A0-5B69-49AD-BF5E-C2B2CE8A9F40}.Debug|x86.Build.0 = Debug|Any CPU
		{3C8BB8A0-5B69-49AD-BF5E-C2B2CE8A9F40}.Release|Any CPU.ActiveCfg = Release|Any CPU
		{3C8BB8A0-5B69-49AD-BF5E-C2B2CE8A9F40}.Release|Any CPU.Build.0 = Release|Any CPU
		{3C8BB8A0-5B69-49AD-BF5E-C2B2CE8A9F40}.Release|x64.ActiveCfg = Release|Any CPU
		{3C8BB8A0-5B69-49AD-BF5E-C2B2CE8A9F40}.Release|x64.Build.0 = Release|Any CPU
		{3C8BB8A0-5B69-49AD-BF5E-C2B2CE8A9F40}.Release|x86.ActiveCfg = Release|Any CPU
		{3C8BB8A0-5B69-49AD-BF5E-C2B2CE8A9F40}.Release|x86.Build.0 = Release|Any CPU
		{17D1847F-8CA3-4D2D-A65F-4E26061AB8C0}.Debug|Any CPU.ActiveCfg = Debug|Any CPU
		{17D1847F-8CA3-4D2D-A65F-4E26061AB8C0}.Debug|Any CPU.Build.0 = Debug|Any CPU
		{17D1847F-8CA3-4D2D-A65F-4E26061AB8C0}.Debug|x64.ActiveCfg = Debug|Any CPU
		{17D1847F-8CA3-4D2D-A65F-4E26061AB8C0}.Debug|x64.Build.0 = Debug|Any CPU
		{17D1847F-8CA3-4D2D-A65F-4E26061AB8C0}.Debug|x86.ActiveCfg = Debug|Any CPU
		{17D1847F-8CA3-4D2D-A65F-4E26061AB8C0}.Debug|x86.Build.0 = Debug|Any CPU
		{17D1847F-8CA3-4D2D-A65F-4E26061AB8C0}.Release|Any CPU.ActiveCfg = Release|Any CPU
		{17D1847F-8CA3-4D2D-A65F-4E26061AB8C0}.Release|Any CPU.Build.0 = Release|Any CPU
		{17D1847F-8CA3-4D2D-A65F-4E26061AB8C0}.Release|x64.ActiveCfg = Release|Any CPU
		{17D1847F-8CA3-4D2D-A65F-4E26061AB8C0}.Release|x64.Build.0 = Release|Any CPU
		{17D1847F-8CA3-4D2D-A65F-4E26061AB8C0}.Release|x86.ActiveCfg = Release|Any CPU
		{17D1847F-8CA3-4D2D-A65F-4E26061AB8C0}.Release|x86.Build.0 = Release|Any CPU
		{97D37129-D1C3-4290-95E1-B3C26FEEBF6B}.Debug|Any CPU.ActiveCfg = Debug|Any CPU
		{97D37129-D1C3-4290-95E1-B3C26FEEBF6B}.Debug|Any CPU.Build.0 = Debug|Any CPU
		{97D37129-D1C3-4290-95E1-B3C26FEEBF6B}.Debug|x64.ActiveCfg = Debug|Any CPU
		{97D37129-D1C3-4290-95E1-B3C26FEEBF6B}.Debug|x64.Build.0 = Debug|Any CPU
		{97D37129-D1C3-4290-95E1-B3C26FEEBF6B}.Debug|x86.ActiveCfg = Debug|Any CPU
		{97D37129-D1C3-4290-95E1-B3C26FEEBF6B}.Debug|x86.Build.0 = Debug|Any CPU
		{97D37129-D1C3-4290-95E1-B3C26FEEBF6B}.Release|Any CPU.ActiveCfg = Release|Any CPU
		{97D37129-D1C3-4290-95E1-B3C26FEEBF6B}.Release|Any CPU.Build.0 = Release|Any CPU
		{97D37129-D1C3-4290-95E1-B3C26FEEBF6B}.Release|x64.ActiveCfg = Release|Any CPU
		{97D37129-D1C3-4290-95E1-B3C26FEEBF6B}.Release|x64.Build.0 = Release|Any CPU
		{97D37129-D1C3-4290-95E1-B3C26FEEBF6B}.Release|x86.ActiveCfg = Release|Any CPU
		{97D37129-D1C3-4290-95E1-B3C26FEEBF6B}.Release|x86.Build.0 = Release|Any CPU
		{087F8A7E-1C6D-4D48-A801-48EEE332533F}.Debug|Any CPU.ActiveCfg = Debug|Any CPU
		{087F8A7E-1C6D-4D48-A801-48EEE332533F}.Debug|Any CPU.Build.0 = Debug|Any CPU
		{087F8A7E-1C6D-4D48-A801-48EEE332533F}.Debug|x64.ActiveCfg = Debug|Any CPU
		{087F8A7E-1C6D-4D48-A801-48EEE332533F}.Debug|x64.Build.0 = Debug|Any CPU
		{087F8A7E-1C6D-4D48-A801-48EEE332533F}.Debug|x86.ActiveCfg = Debug|Any CPU
		{087F8A7E-1C6D-4D48-A801-48EEE332533F}.Debug|x86.Build.0 = Debug|Any CPU
		{087F8A7E-1C6D-4D48-A801-48EEE332533F}.Release|Any CPU.ActiveCfg = Release|Any CPU
		{087F8A7E-1C6D-4D48-A801-48EEE332533F}.Release|Any CPU.Build.0 = Release|Any CPU
		{087F8A7E-1C6D-4D48-A801-48EEE332533F}.Release|x64.ActiveCfg = Release|Any CPU
		{087F8A7E-1C6D-4D48-A801-48EEE332533F}.Release|x64.Build.0 = Release|Any CPU
		{087F8A7E-1C6D-4D48-A801-48EEE332533F}.Release|x86.ActiveCfg = Release|Any CPU
		{087F8A7E-1C6D-4D48-A801-48EEE332533F}.Release|x86.Build.0 = Release|Any CPU
		{A7769B0E-5173-4404-A8F8-1375577DCCCA}.Debug|Any CPU.ActiveCfg = Debug|Any CPU
		{A7769B0E-5173-4404-A8F8-1375577DCCCA}.Debug|Any CPU.Build.0 = Debug|Any CPU
		{A7769B0E-5173-4404-A8F8-1375577DCCCA}.Debug|x64.ActiveCfg = Debug|Any CPU
		{A7769B0E-5173-4404-A8F8-1375577DCCCA}.Debug|x64.Build.0 = Debug|Any CPU
		{A7769B0E-5173-4404-A8F8-1375577DCCCA}.Debug|x86.ActiveCfg = Debug|Any CPU
		{A7769B0E-5173-4404-A8F8-1375577DCCCA}.Debug|x86.Build.0 = Debug|Any CPU
		{A7769B0E-5173-4404-A8F8-1375577DCCCA}.Release|Any CPU.ActiveCfg = Release|Any CPU
		{A7769B0E-5173-4404-A8F8-1375577DCCCA}.Release|Any CPU.Build.0 = Release|Any CPU
		{A7769B0E-5173-4404-A8F8-1375577DCCCA}.Release|x64.ActiveCfg = Release|Any CPU
		{A7769B0E-5173-4404-A8F8-1375577DCCCA}.Release|x64.Build.0 = Release|Any CPU
		{A7769B0E-5173-4404-A8F8-1375577DCCCA}.Release|x86.ActiveCfg = Release|Any CPU
		{A7769B0E-5173-4404-A8F8-1375577DCCCA}.Release|x86.Build.0 = Release|Any CPU
		{C72B277F-1584-406D-85EE-9E4D6D114DE9}.Debug|Any CPU.ActiveCfg = Debug|Any CPU
		{C72B277F-1584-406D-85EE-9E4D6D114DE9}.Debug|Any CPU.Build.0 = Debug|Any CPU
		{C72B277F-1584-406D-85EE-9E4D6D114DE9}.Debug|x64.ActiveCfg = Debug|Any CPU
		{C72B277F-1584-406D-85EE-9E4D6D114DE9}.Debug|x64.Build.0 = Debug|Any CPU
		{C72B277F-1584-406D-85EE-9E4D6D114DE9}.Debug|x86.ActiveCfg = Debug|Any CPU
		{C72B277F-1584-406D-85EE-9E4D6D114DE9}.Debug|x86.Build.0 = Debug|Any CPU
		{C72B277F-1584-406D-85EE-9E4D6D114DE9}.Release|Any CPU.ActiveCfg = Release|Any CPU
		{C72B277F-1584-406D-85EE-9E4D6D114DE9}.Release|Any CPU.Build.0 = Release|Any CPU
		{C72B277F-1584-406D-85EE-9E4D6D114DE9}.Release|x64.ActiveCfg = Release|Any CPU
		{C72B277F-1584-406D-85EE-9E4D6D114DE9}.Release|x64.Build.0 = Release|Any CPU
		{C72B277F-1584-406D-85EE-9E4D6D114DE9}.Release|x86.ActiveCfg = Release|Any CPU
		{C72B277F-1584-406D-85EE-9E4D6D114DE9}.Release|x86.Build.0 = Release|Any CPU
	EndGlobalSection
	GlobalSection(SolutionProperties) = preSolution
		HideSolutionNode = FALSE
	EndGlobalSection
	GlobalSection(NestedProjects) = preSolution
		{90298CBA-BD6F-3A0A-69D5-97CAD7B05E7E} = {827E0CD3-B72D-47B6-A68D-7590B98EB39B}
		{CD8DC8B5-043F-4799-B704-26CF0DF4ED0B} = {90298CBA-BD6F-3A0A-69D5-97CAD7B05E7E}
		{3E9C3776-17C9-28DE-3735-A8B9F121C183} = {827E0CD3-B72D-47B6-A68D-7590B98EB39B}
		{19FA6243-3475-9F81-4DBC-2DEB3C86DF2F} = {3E9C3776-17C9-28DE-3735-A8B9F121C183}
		{8762C4AC-9A5B-401A-B539-CCA90AAC1DFB} = {19FA6243-3475-9F81-4DBC-2DEB3C86DF2F}
		{C8303080-08A7-406A-8744-FBE7C1175AD1} = {0AB3BF05-4346-4AA6-1389-037BE0695223}
		{A5D5F75B-6C4D-46DF-B437-DD3EC1FCFEE4} = {0AB3BF05-4346-4AA6-1389-037BE0695223}
		{3C8BB8A0-5B69-49AD-BF5E-C2B2CE8A9F40} = {0AB3BF05-4346-4AA6-1389-037BE0695223}
		{EC447DCF-ABFA-6E24-52A5-D7FD48A5C558} = {827E0CD3-B72D-47B6-A68D-7590B98EB39B}
		{6FDB54B8-73D0-7269-6E77-B8ECD406ADFA} = {EC447DCF-ABFA-6E24-52A5-D7FD48A5C558}
		{17D1847F-8CA3-4D2D-A65F-4E26061AB8C0} = {6FDB54B8-73D0-7269-6E77-B8ECD406ADFA}
		{824BD787-6347-621E-0385-BF321C9D0B65} = {EC447DCF-ABFA-6E24-52A5-D7FD48A5C558}
		{97D37129-D1C3-4290-95E1-B3C26FEEBF6B} = {824BD787-6347-621E-0385-BF321C9D0B65}
		{AD089A1E-BDEB-F09F-ED14-4341B5B9A8AC} = {EC447DCF-ABFA-6E24-52A5-D7FD48A5C558}
		{D96C1DA4-15DF-6C1A-B26E-F89CFA7249A4} = {AD089A1E-BDEB-F09F-ED14-4341B5B9A8AC}
		{087F8A7E-1C6D-4D48-A801-48EEE332533F} = {D96C1DA4-15DF-6C1A-B26E-F89CFA7249A4}
		{92D79967-F4DA-5DDF-AC29-F3E6F623FB5E} = {AD089A1E-BDEB-F09F-ED14-4341B5B9A8AC}
		{A7769B0E-5173-4404-A8F8-1375577DCCCA} = {92D79967-F4DA-5DDF-AC29-F3E6F623FB5E}
		{981C2CF6-E5BB-602A-511C-234B538302B0} = {827E0CD3-B72D-47B6-A68D-7590B98EB39B}
		{C72B277F-1584-406D-85EE-9E4D6D114DE9} = {981C2CF6-E5BB-602A-511C-234B538302B0}
	EndGlobalSection
EndGlobal
